
Microsoft Visual Studio Solution File, Format Version 12.00
# Visual Studio Version 16
VisualStudioVersion = 16.0.30002.166
MinimumVisualStudioVersion = 10.0.40219.1
Project("{9A19103F-16F7-4668-BE54-9A1E7A4F7556}") = "BookStore-API", "BookStore-API\BookStore-API.csproj", "{0B709938-A4B8-41C7-8493-E25298FC6047}"
EndProject
Project("{FAE04EC0-301F-11D3-BF4B-00C04F79EFBC}") = "BookStore-UI", "BookStore-UI\BookStore-UI.csproj", "{2D1E7AC2-7C28-4EC8-B547-506AB64E2AFC}"
EndProject
Global
	GlobalSection(SolutionConfigurationPlatforms) = preSolution
		Debug|Any CPU = Debug|Any CPU
		Release|Any CPU = Release|Any CPU
	EndGlobalSection
	GlobalSection(ProjectConfigurationPlatforms) = postSolution
		{0B709938-A4B8-41C7-8493-E25298FC6047}.Debug|Any CPU.ActiveCfg = Debug|Any CPU
		{0B709938-A4B8-41C7-8493-E25298FC6047}.Debug|Any CPU.Build.0 = Debug|Any CPU
		{0B709938-A4B8-41C7-8493-E25298FC6047}.Release|Any CPU.ActiveCfg = Release|Any CPU
		{0B709938-A4B8-41C7-8493-E25298FC6047}.Release|Any CPU.Build.0 = Release|Any CPU
		{2D1E7AC2-7C28-4EC8-B547-506AB64E2AFC}.Debug|Any CPU.ActiveCfg = Debug|Any CPU
		{2D1E7AC2-7C28-4EC8-B547-506AB64E2AFC}.Debug|Any CPU.Build.0 = Debug|Any CPU
		{2D1E7AC2-7C28-4EC8-B547-506AB64E2AFC}.Release|Any CPU.ActiveCfg = Release|Any CPU
		{2D1E7AC2-7C28-4EC8-B547-506AB64E2AFC}.Release|Any CPU.Build.0 = Release|Any CPU
	EndGlobalSection
	GlobalSection(SolutionProperties) = preSolution
		HideSolutionNode = FALSE
	EndGlobalSection
	GlobalSection(ExtensibilityGlobals) = postSolution
		SolutionGuid = {65DF1331-B724-4CE1-97B7-6DBB3E225926}
	EndGlobalSection
EndGlobal
